
Microsoft Visual Studio Solution File, Format Version 12.00
# Visual Studio 14
VisualStudioVersion = 14.0.25420.1
MinimumVisualStudioVersion = 10.0.40219.1
Project("{FAE04EC0-301F-11D3-BF4B-00C04F79EFBC}") = "Kinetix.Broker", "Kinetix.Broker\Kinetix.Broker.csproj", "{0C6E80B2-0E45-4922-9895-73B3A3EC160D}"
EndProject
Project("{FAE04EC0-301F-11D3-BF4B-00C04F79EFBC}") = "Kinetix.Caching", "Kinetix.Caching\Kinetix.Caching.csproj", "{5077EC66-237A-4BB7-AF04-F62C9362B0DF}"
EndProject
Project("{FAE04EC0-301F-11D3-BF4B-00C04F79EFBC}") = "Kinetix.ComponentModel", "Kinetix.ComponentModel\Kinetix.ComponentModel.csproj", "{A36239CB-DE97-47FB-AFE4-4FFBF15A97EB}"
EndProject
Project("{FAE04EC0-301F-11D3-BF4B-00C04F79EFBC}") = "Kinetix.Configuration", "Kinetix.Configuration\Kinetix.Configuration.csproj", "{D2C80C22-8099-4D28-9407-6CD6BA8B725C}"
EndProject
Project("{FAE04EC0-301F-11D3-BF4B-00C04F79EFBC}") = "Kinetix.Data.SqlClient", "Kinetix.Data.SqlClient\Kinetix.Data.SqlClient.csproj", "{2B935FBB-E159-45CF-8B0F-798FC787768B}"
EndProject
Project("{FAE04EC0-301F-11D3-BF4B-00C04F79EFBC}") = "Kinetix.Monitoring", "Kinetix.Monitoring\Kinetix.Monitoring.csproj", "{E5CA12F8-EA8D-45B2-9EED-9592F4833478}"
EndProject
Project("{FAE04EC0-301F-11D3-BF4B-00C04F79EFBC}") = "Kinetix.Reporting", "Kinetix.Reporting\Kinetix.Reporting.csproj", "{406F6F19-709F-4BD2-A65E-B5098C2F5D97}"
EndProject
Project("{FAE04EC0-301F-11D3-BF4B-00C04F79EFBC}") = "Kinetix.Search", "Kinetix.Search\Kinetix.Search.csproj", "{8FCC1485-2E43-4510-835F-BF6839666091}"
EndProject
Project("{FAE04EC0-301F-11D3-BF4B-00C04F79EFBC}") = "Kinetix.Security", "Kinetix.Security\Kinetix.Security.csproj", "{253EEBFD-7D38-4B89-8B26-DD2667C5FCC2}"
EndProject
Project("{FAE04EC0-301F-11D3-BF4B-00C04F79EFBC}") = "Kinetix.ServiceModel", "Kinetix.ServiceModel\Kinetix.ServiceModel.csproj", "{A7A2C429-2E86-4830-84BD-1477D68F1401}"
EndProject
Project("{FAE04EC0-301F-11D3-BF4B-00C04F79EFBC}") = "Kintetix.Worker", "Kinetix.Worker\Kintetix.Worker.csproj", "{FE70D3D7-EF02-4AC4-A9CD-364AFA95E5D7}"
EndProject
Project("{2150E333-8FDC-42A3-9474-1A3956D46DE8}") = "Kinetix", "Kinetix", "{E566DC13-2180-4871-80F6-FBE41CF86D63}"
EndProject
Project("{2150E333-8FDC-42A3-9474-1A3956D46DE8}") = "Tests", "Tests", "{DE720745-32AB-43A8-8670-62FE5D1108E4}"
EndProject
Project("{2150E333-8FDC-42A3-9474-1A3956D46DE8}") = "Kinetix-tools", "Kinetix-tools", "{A4733C58-5A6F-4E73-B9F6-E2C7A09D70D5}"
EndProject
Project("{FAE04EC0-301F-11D3-BF4B-00C04F79EFBC}") = "Kinetix.Search.Test", "Tests\Kinetix.Search.Test\Kinetix.Search.Test.csproj", "{8527E905-73C3-44CF-B9B8-69EAABC60AC6}"
EndProject
Project("{FAE04EC0-301F-11D3-BF4B-00C04F79EFBC}") = "Kinetix.Tfs.Tools", "..\Kinetix-tools\Kinetix.Tfs.Tools\Kinetix.Tfs.Tools.csproj", "{723F8CD3-1645-4BDF-95A8-DE4F8B2AC9B7}"
EndProject
Project("{FAE04EC0-301F-11D3-BF4B-00C04F79EFBC}") = "Kinetix.Versionning", "..\Kinetix-tools\Kinetix.Versionning\Kinetix.Versionning.csproj", "{8D750F5A-A70A-411F-BB60-002E7523122F}"
EndProject
Project("{FAE04EC0-301F-11D3-BF4B-00C04F79EFBC}") = "Kinetix.ClassGenerator", "..\Kinetix-tools\Kinetix.ClassGenerator\Kinetix.ClassGenerator.csproj", "{618EADA1-FFCA-4F2F-A5F3-F7CA98E30574}"
EndProject
Project("{FAE04EC0-301F-11D3-BF4B-00C04F79EFBC}") = "Kinetix.Audit", "Kinetix.Audit\Kinetix.Audit.csproj", "{D0186E5D-68C4-4B00-99C8-D8558A13822E}"
EndProject
Project("{FAE04EC0-301F-11D3-BF4B-00C04F79EFBC}") = "Kinetix.Connectors", "Kinetix.Connectors\Kinetix.Connectors.csproj", "{83112CE4-F654-4B4B-BE86-639D1A9F77EB}"
EndProject
Project("{FAE04EC0-301F-11D3-BF4B-00C04F79EFBC}") = "Kinetix.Rules", "Kinetix.Rules\Kinetix.Rules.csproj", "{2A53DDE2-180D-4653-80E2-055F8ECAF1D3}"
EndProject
Project("{FAE04EC0-301F-11D3-BF4B-00C04F79EFBC}") = "Kinetix.Account", "Kinetix.Account\Kinetix.Account.csproj", "{F15FCF81-98CB-4F02-BE27-440411684143}"
EndProject
Project("{FAE04EC0-301F-11D3-BF4B-00C04F79EFBC}") = "Kinetix.Broker.Test", "Tests\Kinetix.Broker.Test\Kinetix.Broker.Test.csproj", "{11AC8BD8-F629-4140-8044-ED588089B558}"
EndProject
Project("{FAE04EC0-301F-11D3-BF4B-00C04F79EFBC}") = "Kinetix.Caching.Test", "Tests\Kinetix.Caching.Test\Kinetix.Caching.Test.csproj", "{0711A2C7-9CF2-487A-A8AC-349F66205317}"
EndProject
Project("{FAE04EC0-301F-11D3-BF4B-00C04F79EFBC}") = "Kinetix.ComponentModel.Test", "Tests\Kinetix.ComponentModel.Test\Kinetix.ComponentModel.Test.csproj", "{9101EF6F-8F18-4D63-879B-0D9C3086E841}"
EndProject
Project("{FAE04EC0-301F-11D3-BF4B-00C04F79EFBC}") = "Kinetix.Data.SqlClient.Test", "Tests\Kinetix.Data.SqlClient.Test\Kinetix.Data.SqlClient.Test.csproj", "{9BB7D0F2-69F8-4951-B1AE-CF93F614C107}"
EndProject
Project("{FAE04EC0-301F-11D3-BF4B-00C04F79EFBC}") = "Kinetix.Monitoring.Test", "Tests\Kinetix.Monitoring.Test\Kinetix.Monitoring.Test.csproj", "{B3F54293-121C-4630-AE38-BFF17CA8F2CA}"
EndProject
Project("{FAE04EC0-301F-11D3-BF4B-00C04F79EFBC}") = "Kinetix.Packaging.Test", "Tests\Kinetix.Packaging.Test\Kinetix.Packaging.Test.csproj", "{0B77888F-4681-4B58-B2F6-BE0D2838E9B4}"
EndProject
Project("{FAE04EC0-301F-11D3-BF4B-00C04F79EFBC}") = "Kinetix.Reporting.Test", "Tests\Kinetix.Reporting.Test\Kinetix.Reporting.Test.csproj", "{7B491FA4-1630-42A8-A3D8-95BBF0E2BA7A}"
EndProject
Project("{FAE04EC0-301F-11D3-BF4B-00C04F79EFBC}") = "Kinetix.Resources.Test", "Tests\Kinetix.Resources.Test\Kinetix.Resources.Test.csproj", "{CF41FE31-0E19-4120-8418-70FDD7CD5402}"
EndProject
Project("{FAE04EC0-301F-11D3-BF4B-00C04F79EFBC}") = "Kinetix.Security.Test", "Tests\Kinetix.Security.Test\Kinetix.Security.Test.csproj", "{3B65B8D8-A495-498B-844A-1ACAB368DB86}"
EndProject
Project("{FAE04EC0-301F-11D3-BF4B-00C04F79EFBC}") = "Kinetix.ServiceModel.Test", "Tests\Kinetix.ServiceModel.Test\Kinetix.ServiceModel.Test.csproj", "{0F1A2551-F3EB-46F6-8124-9FA0A9D90096}"
EndProject
Project("{FAE04EC0-301F-11D3-BF4B-00C04F79EFBC}") = "Kinetix.Workflow", "Kinetix.Workflow\Kinetix.Workflow.csproj", "{D85EE99C-8FB5-4347-9EE2-CEC9F334176F}"
EndProject
Project("{FAE04EC0-301F-11D3-BF4B-00C04F79EFBC}") = "Kinetix.Audit.Test", "UnitTestProject1\Kinetix.Audit.Test.csproj", "{84499E7F-1774-450E-B29E-49FDF0D76709}"
EndProject
Global
	GlobalSection(SolutionConfigurationPlatforms) = preSolution
		Debug|Any CPU = Debug|Any CPU
		Release|Any CPU = Release|Any CPU
	EndGlobalSection
	GlobalSection(ProjectConfigurationPlatforms) = postSolution
		{0C6E80B2-0E45-4922-9895-73B3A3EC160D}.Debug|Any CPU.ActiveCfg = Debug|Any CPU
		{0C6E80B2-0E45-4922-9895-73B3A3EC160D}.Debug|Any CPU.Build.0 = Debug|Any CPU
		{0C6E80B2-0E45-4922-9895-73B3A3EC160D}.Release|Any CPU.ActiveCfg = Release|Any CPU
		{0C6E80B2-0E45-4922-9895-73B3A3EC160D}.Release|Any CPU.Build.0 = Release|Any CPU
		{5077EC66-237A-4BB7-AF04-F62C9362B0DF}.Debug|Any CPU.ActiveCfg = Debug|Any CPU
		{5077EC66-237A-4BB7-AF04-F62C9362B0DF}.Debug|Any CPU.Build.0 = Debug|Any CPU
		{5077EC66-237A-4BB7-AF04-F62C9362B0DF}.Release|Any CPU.ActiveCfg = Release|Any CPU
		{5077EC66-237A-4BB7-AF04-F62C9362B0DF}.Release|Any CPU.Build.0 = Release|Any CPU
		{A36239CB-DE97-47FB-AFE4-4FFBF15A97EB}.Debug|Any CPU.ActiveCfg = Debug|Any CPU
		{A36239CB-DE97-47FB-AFE4-4FFBF15A97EB}.Debug|Any CPU.Build.0 = Debug|Any CPU
		{A36239CB-DE97-47FB-AFE4-4FFBF15A97EB}.Release|Any CPU.ActiveCfg = Release|Any CPU
		{A36239CB-DE97-47FB-AFE4-4FFBF15A97EB}.Release|Any CPU.Build.0 = Release|Any CPU
		{D2C80C22-8099-4D28-9407-6CD6BA8B725C}.Debug|Any CPU.ActiveCfg = Debug|Any CPU
		{D2C80C22-8099-4D28-9407-6CD6BA8B725C}.Debug|Any CPU.Build.0 = Debug|Any CPU
		{D2C80C22-8099-4D28-9407-6CD6BA8B725C}.Release|Any CPU.ActiveCfg = Release|Any CPU
		{D2C80C22-8099-4D28-9407-6CD6BA8B725C}.Release|Any CPU.Build.0 = Release|Any CPU
		{2B935FBB-E159-45CF-8B0F-798FC787768B}.Debug|Any CPU.ActiveCfg = Debug|Any CPU
		{2B935FBB-E159-45CF-8B0F-798FC787768B}.Debug|Any CPU.Build.0 = Debug|Any CPU
		{2B935FBB-E159-45CF-8B0F-798FC787768B}.Release|Any CPU.ActiveCfg = Release|Any CPU
		{2B935FBB-E159-45CF-8B0F-798FC787768B}.Release|Any CPU.Build.0 = Release|Any CPU
		{E5CA12F8-EA8D-45B2-9EED-9592F4833478}.Debug|Any CPU.ActiveCfg = Debug|Any CPU
		{E5CA12F8-EA8D-45B2-9EED-9592F4833478}.Debug|Any CPU.Build.0 = Debug|Any CPU
		{E5CA12F8-EA8D-45B2-9EED-9592F4833478}.Release|Any CPU.ActiveCfg = Release|Any CPU
		{E5CA12F8-EA8D-45B2-9EED-9592F4833478}.Release|Any CPU.Build.0 = Release|Any CPU
		{406F6F19-709F-4BD2-A65E-B5098C2F5D97}.Debug|Any CPU.ActiveCfg = Debug|Any CPU
		{406F6F19-709F-4BD2-A65E-B5098C2F5D97}.Debug|Any CPU.Build.0 = Debug|Any CPU
		{406F6F19-709F-4BD2-A65E-B5098C2F5D97}.Release|Any CPU.ActiveCfg = Release|Any CPU
		{406F6F19-709F-4BD2-A65E-B5098C2F5D97}.Release|Any CPU.Build.0 = Release|Any CPU
		{8FCC1485-2E43-4510-835F-BF6839666091}.Debug|Any CPU.ActiveCfg = Debug|Any CPU
		{8FCC1485-2E43-4510-835F-BF6839666091}.Debug|Any CPU.Build.0 = Debug|Any CPU
		{8FCC1485-2E43-4510-835F-BF6839666091}.Release|Any CPU.ActiveCfg = Release|Any CPU
		{8FCC1485-2E43-4510-835F-BF6839666091}.Release|Any CPU.Build.0 = Release|Any CPU
		{253EEBFD-7D38-4B89-8B26-DD2667C5FCC2}.Debug|Any CPU.ActiveCfg = Debug|Any CPU
		{253EEBFD-7D38-4B89-8B26-DD2667C5FCC2}.Debug|Any CPU.Build.0 = Debug|Any CPU
		{253EEBFD-7D38-4B89-8B26-DD2667C5FCC2}.Release|Any CPU.ActiveCfg = Release|Any CPU
		{253EEBFD-7D38-4B89-8B26-DD2667C5FCC2}.Release|Any CPU.Build.0 = Release|Any CPU
		{A7A2C429-2E86-4830-84BD-1477D68F1401}.Debug|Any CPU.ActiveCfg = Debug|Any CPU
		{A7A2C429-2E86-4830-84BD-1477D68F1401}.Debug|Any CPU.Build.0 = Debug|Any CPU
		{A7A2C429-2E86-4830-84BD-1477D68F1401}.Release|Any CPU.ActiveCfg = Release|Any CPU
		{A7A2C429-2E86-4830-84BD-1477D68F1401}.Release|Any CPU.Build.0 = Release|Any CPU
		{FE70D3D7-EF02-4AC4-A9CD-364AFA95E5D7}.Debug|Any CPU.ActiveCfg = Debug|Any CPU
		{FE70D3D7-EF02-4AC4-A9CD-364AFA95E5D7}.Debug|Any CPU.Build.0 = Debug|Any CPU
		{FE70D3D7-EF02-4AC4-A9CD-364AFA95E5D7}.Release|Any CPU.ActiveCfg = Release|Any CPU
		{FE70D3D7-EF02-4AC4-A9CD-364AFA95E5D7}.Release|Any CPU.Build.0 = Release|Any CPU
		{8527E905-73C3-44CF-B9B8-69EAABC60AC6}.Debug|Any CPU.ActiveCfg = Debug|Any CPU
		{8527E905-73C3-44CF-B9B8-69EAABC60AC6}.Debug|Any CPU.Build.0 = Debug|Any CPU
		{8527E905-73C3-44CF-B9B8-69EAABC60AC6}.Release|Any CPU.ActiveCfg = Release|Any CPU
		{8527E905-73C3-44CF-B9B8-69EAABC60AC6}.Release|Any CPU.Build.0 = Release|Any CPU
		{723F8CD3-1645-4BDF-95A8-DE4F8B2AC9B7}.Debug|Any CPU.ActiveCfg = Debug|Any CPU
		{723F8CD3-1645-4BDF-95A8-DE4F8B2AC9B7}.Debug|Any CPU.Build.0 = Debug|Any CPU
		{723F8CD3-1645-4BDF-95A8-DE4F8B2AC9B7}.Release|Any CPU.ActiveCfg = Release|Any CPU
		{723F8CD3-1645-4BDF-95A8-DE4F8B2AC9B7}.Release|Any CPU.Build.0 = Release|Any CPU
		{8D750F5A-A70A-411F-BB60-002E7523122F}.Debug|Any CPU.ActiveCfg = Debug|Any CPU
		{8D750F5A-A70A-411F-BB60-002E7523122F}.Debug|Any CPU.Build.0 = Debug|Any CPU
		{8D750F5A-A70A-411F-BB60-002E7523122F}.Release|Any CPU.ActiveCfg = Release|Any CPU
		{8D750F5A-A70A-411F-BB60-002E7523122F}.Release|Any CPU.Build.0 = Release|Any CPU
		{618EADA1-FFCA-4F2F-A5F3-F7CA98E30574}.Debug|Any CPU.ActiveCfg = Debug|Any CPU
		{618EADA1-FFCA-4F2F-A5F3-F7CA98E30574}.Debug|Any CPU.Build.0 = Debug|Any CPU
		{618EADA1-FFCA-4F2F-A5F3-F7CA98E30574}.Release|Any CPU.ActiveCfg = Release|Any CPU
		{618EADA1-FFCA-4F2F-A5F3-F7CA98E30574}.Release|Any CPU.Build.0 = Release|Any CPU
		{D0186E5D-68C4-4B00-99C8-D8558A13822E}.Debug|Any CPU.ActiveCfg = Debug|Any CPU
		{D0186E5D-68C4-4B00-99C8-D8558A13822E}.Debug|Any CPU.Build.0 = Debug|Any CPU
		{D0186E5D-68C4-4B00-99C8-D8558A13822E}.Release|Any CPU.ActiveCfg = Release|Any CPU
		{D0186E5D-68C4-4B00-99C8-D8558A13822E}.Release|Any CPU.Build.0 = Release|Any CPU
		{83112CE4-F654-4B4B-BE86-639D1A9F77EB}.Debug|Any CPU.ActiveCfg = Debug|Any CPU
		{83112CE4-F654-4B4B-BE86-639D1A9F77EB}.Debug|Any CPU.Build.0 = Debug|Any CPU
		{83112CE4-F654-4B4B-BE86-639D1A9F77EB}.Release|Any CPU.ActiveCfg = Release|Any CPU
		{83112CE4-F654-4B4B-BE86-639D1A9F77EB}.Release|Any CPU.Build.0 = Release|Any CPU
		{2A53DDE2-180D-4653-80E2-055F8ECAF1D3}.Debug|Any CPU.ActiveCfg = Debug|Any CPU
		{2A53DDE2-180D-4653-80E2-055F8ECAF1D3}.Debug|Any CPU.Build.0 = Debug|Any CPU
		{2A53DDE2-180D-4653-80E2-055F8ECAF1D3}.Release|Any CPU.ActiveCfg = Release|Any CPU
		{2A53DDE2-180D-4653-80E2-055F8ECAF1D3}.Release|Any CPU.Build.0 = Release|Any CPU
		{F15FCF81-98CB-4F02-BE27-440411684143}.Debug|Any CPU.ActiveCfg = Debug|Any CPU
		{F15FCF81-98CB-4F02-BE27-440411684143}.Debug|Any CPU.Build.0 = Debug|Any CPU
		{F15FCF81-98CB-4F02-BE27-440411684143}.Release|Any CPU.ActiveCfg = Release|Any CPU
		{F15FCF81-98CB-4F02-BE27-440411684143}.Release|Any CPU.Build.0 = Release|Any CPU
		{11AC8BD8-F629-4140-8044-ED588089B558}.Debug|Any CPU.ActiveCfg = Debug|Any CPU
		{11AC8BD8-F629-4140-8044-ED588089B558}.Debug|Any CPU.Build.0 = Debug|Any CPU
		{11AC8BD8-F629-4140-8044-ED588089B558}.Release|Any CPU.ActiveCfg = Release|Any CPU
		{11AC8BD8-F629-4140-8044-ED588089B558}.Release|Any CPU.Build.0 = Release|Any CPU
		{0711A2C7-9CF2-487A-A8AC-349F66205317}.Debug|Any CPU.ActiveCfg = Debug|Any CPU
		{0711A2C7-9CF2-487A-A8AC-349F66205317}.Debug|Any CPU.Build.0 = Debug|Any CPU
		{0711A2C7-9CF2-487A-A8AC-349F66205317}.Release|Any CPU.ActiveCfg = Release|Any CPU
		{0711A2C7-9CF2-487A-A8AC-349F66205317}.Release|Any CPU.Build.0 = Release|Any CPU
		{9101EF6F-8F18-4D63-879B-0D9C3086E841}.Debug|Any CPU.ActiveCfg = Debug|Any CPU
		{9101EF6F-8F18-4D63-879B-0D9C3086E841}.Debug|Any CPU.Build.0 = Debug|Any CPU
		{9101EF6F-8F18-4D63-879B-0D9C3086E841}.Release|Any CPU.ActiveCfg = Release|Any CPU
		{9101EF6F-8F18-4D63-879B-0D9C3086E841}.Release|Any CPU.Build.0 = Release|Any CPU
		{9BB7D0F2-69F8-4951-B1AE-CF93F614C107}.Debug|Any CPU.ActiveCfg = Debug|Any CPU
		{9BB7D0F2-69F8-4951-B1AE-CF93F614C107}.Debug|Any CPU.Build.0 = Debug|Any CPU
		{9BB7D0F2-69F8-4951-B1AE-CF93F614C107}.Release|Any CPU.ActiveCfg = Release|Any CPU
		{9BB7D0F2-69F8-4951-B1AE-CF93F614C107}.Release|Any CPU.Build.0 = Release|Any CPU
		{B3F54293-121C-4630-AE38-BFF17CA8F2CA}.Debug|Any CPU.ActiveCfg = Debug|Any CPU
		{B3F54293-121C-4630-AE38-BFF17CA8F2CA}.Debug|Any CPU.Build.0 = Debug|Any CPU
		{B3F54293-121C-4630-AE38-BFF17CA8F2CA}.Release|Any CPU.ActiveCfg = Release|Any CPU
		{B3F54293-121C-4630-AE38-BFF17CA8F2CA}.Release|Any CPU.Build.0 = Release|Any CPU
		{0B77888F-4681-4B58-B2F6-BE0D2838E9B4}.Debug|Any CPU.ActiveCfg = Debug|Any CPU
		{0B77888F-4681-4B58-B2F6-BE0D2838E9B4}.Debug|Any CPU.Build.0 = Debug|Any CPU
		{0B77888F-4681-4B58-B2F6-BE0D2838E9B4}.Release|Any CPU.ActiveCfg = Release|Any CPU
		{0B77888F-4681-4B58-B2F6-BE0D2838E9B4}.Release|Any CPU.Build.0 = Release|Any CPU
		{7B491FA4-1630-42A8-A3D8-95BBF0E2BA7A}.Debug|Any CPU.ActiveCfg = Debug|Any CPU
		{7B491FA4-1630-42A8-A3D8-95BBF0E2BA7A}.Debug|Any CPU.Build.0 = Debug|Any CPU
		{7B491FA4-1630-42A8-A3D8-95BBF0E2BA7A}.Release|Any CPU.ActiveCfg = Release|Any CPU
		{7B491FA4-1630-42A8-A3D8-95BBF0E2BA7A}.Release|Any CPU.Build.0 = Release|Any CPU
		{CF41FE31-0E19-4120-8418-70FDD7CD5402}.Debug|Any CPU.ActiveCfg = Debug|Any CPU
		{CF41FE31-0E19-4120-8418-70FDD7CD5402}.Debug|Any CPU.Build.0 = Debug|Any CPU
		{CF41FE31-0E19-4120-8418-70FDD7CD5402}.Release|Any CPU.ActiveCfg = Release|Any CPU
		{CF41FE31-0E19-4120-8418-70FDD7CD5402}.Release|Any CPU.Build.0 = Release|Any CPU
		{3B65B8D8-A495-498B-844A-1ACAB368DB86}.Debug|Any CPU.ActiveCfg = Debug|Any CPU
		{3B65B8D8-A495-498B-844A-1ACAB368DB86}.Debug|Any CPU.Build.0 = Debug|Any CPU
		{3B65B8D8-A495-498B-844A-1ACAB368DB86}.Release|Any CPU.ActiveCfg = Release|Any CPU
		{3B65B8D8-A495-498B-844A-1ACAB368DB86}.Release|Any CPU.Build.0 = Release|Any CPU
		{0F1A2551-F3EB-46F6-8124-9FA0A9D90096}.Debug|Any CPU.ActiveCfg = Debug|Any CPU
		{0F1A2551-F3EB-46F6-8124-9FA0A9D90096}.Debug|Any CPU.Build.0 = Debug|Any CPU
		{0F1A2551-F3EB-46F6-8124-9FA0A9D90096}.Release|Any CPU.ActiveCfg = Release|Any CPU
		{0F1A2551-F3EB-46F6-8124-9FA0A9D90096}.Release|Any CPU.Build.0 = Release|Any CPU
		{D85EE99C-8FB5-4347-9EE2-CEC9F334176F}.Debug|Any CPU.ActiveCfg = Debug|Any CPU
		{D85EE99C-8FB5-4347-9EE2-CEC9F334176F}.Debug|Any CPU.Build.0 = Debug|Any CPU
		{D85EE99C-8FB5-4347-9EE2-CEC9F334176F}.Release|Any CPU.ActiveCfg = Release|Any CPU
		{D85EE99C-8FB5-4347-9EE2-CEC9F334176F}.Release|Any CPU.Build.0 = Release|Any CPU
		{84499E7F-1774-450E-B29E-49FDF0D76709}.Debug|Any CPU.ActiveCfg = Debug|Any CPU
		{84499E7F-1774-450E-B29E-49FDF0D76709}.Debug|Any CPU.Build.0 = Debug|Any CPU
		{84499E7F-1774-450E-B29E-49FDF0D76709}.Release|Any CPU.ActiveCfg = Release|Any CPU
		{84499E7F-1774-450E-B29E-49FDF0D76709}.Release|Any CPU.Build.0 = Release|Any CPU
	EndGlobalSection
	GlobalSection(SolutionProperties) = preSolution
		HideSolutionNode = FALSE
	EndGlobalSection
	GlobalSection(NestedProjects) = preSolution
		{0C6E80B2-0E45-4922-9895-73B3A3EC160D} = {E566DC13-2180-4871-80F6-FBE41CF86D63}
		{5077EC66-237A-4BB7-AF04-F62C9362B0DF} = {E566DC13-2180-4871-80F6-FBE41CF86D63}
		{A36239CB-DE97-47FB-AFE4-4FFBF15A97EB} = {E566DC13-2180-4871-80F6-FBE41CF86D63}
		{D2C80C22-8099-4D28-9407-6CD6BA8B725C} = {E566DC13-2180-4871-80F6-FBE41CF86D63}
		{2B935FBB-E159-45CF-8B0F-798FC787768B} = {E566DC13-2180-4871-80F6-FBE41CF86D63}
		{E5CA12F8-EA8D-45B2-9EED-9592F4833478} = {E566DC13-2180-4871-80F6-FBE41CF86D63}
		{406F6F19-709F-4BD2-A65E-B5098C2F5D97} = {E566DC13-2180-4871-80F6-FBE41CF86D63}
		{8FCC1485-2E43-4510-835F-BF6839666091} = {E566DC13-2180-4871-80F6-FBE41CF86D63}
		{253EEBFD-7D38-4B89-8B26-DD2667C5FCC2} = {E566DC13-2180-4871-80F6-FBE41CF86D63}
		{A7A2C429-2E86-4830-84BD-1477D68F1401} = {E566DC13-2180-4871-80F6-FBE41CF86D63}
		{FE70D3D7-EF02-4AC4-A9CD-364AFA95E5D7} = {E566DC13-2180-4871-80F6-FBE41CF86D63}
		{DE720745-32AB-43A8-8670-62FE5D1108E4} = {E566DC13-2180-4871-80F6-FBE41CF86D63}
		{8527E905-73C3-44CF-B9B8-69EAABC60AC6} = {DE720745-32AB-43A8-8670-62FE5D1108E4}
		{723F8CD3-1645-4BDF-95A8-DE4F8B2AC9B7} = {A4733C58-5A6F-4E73-B9F6-E2C7A09D70D5}
		{8D750F5A-A70A-411F-BB60-002E7523122F} = {A4733C58-5A6F-4E73-B9F6-E2C7A09D70D5}
		{618EADA1-FFCA-4F2F-A5F3-F7CA98E30574} = {A4733C58-5A6F-4E73-B9F6-E2C7A09D70D5}
		{D0186E5D-68C4-4B00-99C8-D8558A13822E} = {E566DC13-2180-4871-80F6-FBE41CF86D63}
		{83112CE4-F654-4B4B-BE86-639D1A9F77EB} = {E566DC13-2180-4871-80F6-FBE41CF86D63}
		{2A53DDE2-180D-4653-80E2-055F8ECAF1D3} = {E566DC13-2180-4871-80F6-FBE41CF86D63}
		{F15FCF81-98CB-4F02-BE27-440411684143} = {E566DC13-2180-4871-80F6-FBE41CF86D63}
		{11AC8BD8-F629-4140-8044-ED588089B558} = {DE720745-32AB-43A8-8670-62FE5D1108E4}
		{0711A2C7-9CF2-487A-A8AC-349F66205317} = {DE720745-32AB-43A8-8670-62FE5D1108E4}
		{9101EF6F-8F18-4D63-879B-0D9C3086E841} = {DE720745-32AB-43A8-8670-62FE5D1108E4}
		{9BB7D0F2-69F8-4951-B1AE-CF93F614C107} = {DE720745-32AB-43A8-8670-62FE5D1108E4}
		{B3F54293-121C-4630-AE38-BFF17CA8F2CA} = {DE720745-32AB-43A8-8670-62FE5D1108E4}
		{0B77888F-4681-4B58-B2F6-BE0D2838E9B4} = {DE720745-32AB-43A8-8670-62FE5D1108E4}
		{7B491FA4-1630-42A8-A3D8-95BBF0E2BA7A} = {DE720745-32AB-43A8-8670-62FE5D1108E4}
		{CF41FE31-0E19-4120-8418-70FDD7CD5402} = {DE720745-32AB-43A8-8670-62FE5D1108E4}
		{3B65B8D8-A495-498B-844A-1ACAB368DB86} = {DE720745-32AB-43A8-8670-62FE5D1108E4}
		{0F1A2551-F3EB-46F6-8124-9FA0A9D90096} = {DE720745-32AB-43A8-8670-62FE5D1108E4}
		{D85EE99C-8FB5-4347-9EE2-CEC9F334176F} = {E566DC13-2180-4871-80F6-FBE41CF86D63}
		{84499E7F-1774-450E-B29E-49FDF0D76709} = {DE720745-32AB-43A8-8670-62FE5D1108E4}
	EndGlobalSection
EndGlobal
